
Microsoft Visual Studio Solution File, Format Version 11.00
# Visual Studio 2010
Project("{FAE04EC0-301F-11D3-BF4B-00C04F79EFBC}") = "TreeExtensions", "TreeExtensions\TreeExtensions.csproj", "{7977D86F-8D0D-4771-8A27-0FF1EFCF0296}"
EndProject
Project("{FAE04EC0-301F-11D3-BF4B-00C04F79EFBC}") = "TreeExtensons.Tests", "TreeExtensons.Tests\TreeExtensons.Tests.csproj", "{FDE2BC06-5F3A-47FD-B592-6CE28D84EFBC}"
EndProject
Project("{2150E333-8FDC-42A3-9474-1A3956D46DE8}") = "NuGet", "NuGet", "{F0720D6F-BC0E-4E53-AA72-BE9ECF65BA92}"
	ProjectSection(SolutionItems) = preProject
		TreeExtensions.1.0.0.nuspec = TreeExtensions.1.0.0.nuspec
	EndProjectSection
EndProject
Global
	GlobalSection(SolutionConfigurationPlatforms) = preSolution
		Debug|Any CPU = Debug|Any CPU
		Release|Any CPU = Release|Any CPU
	EndGlobalSection
	GlobalSection(ProjectConfigurationPlatforms) = postSolution
		{7977D86F-8D0D-4771-8A27-0FF1EFCF0296}.Debug|Any CPU.ActiveCfg = Debug|Any CPU
		{7977D86F-8D0D-4771-8A27-0FF1EFCF0296}.Debug|Any CPU.Build.0 = Debug|Any CPU
		{7977D86F-8D0D-4771-8A27-0FF1EFCF0296}.Release|Any CPU.ActiveCfg = Release|Any CPU
		{7977D86F-8D0D-4771-8A27-0FF1EFCF0296}.Release|Any CPU.Build.0 = Release|Any CPU
		{FDE2BC06-5F3A-47FD-B592-6CE28D84EFBC}.Debug|Any CPU.ActiveCfg = Debug|Any CPU
		{FDE2BC06-5F3A-47FD-B592-6CE28D84EFBC}.Debug|Any CPU.Build.0 = Debug|Any CPU
		{FDE2BC06-5F3A-47FD-B592-6CE28D84EFBC}.Release|Any CPU.ActiveCfg = Release|Any CPU
		{FDE2BC06-5F3A-47FD-B592-6CE28D84EFBC}.Release|Any CPU.Build.0 = Release|Any CPU
	EndGlobalSection
	GlobalSection(SolutionProperties) = preSolution
		HideSolutionNode = FALSE
	EndGlobalSection
EndGlobal
